# This file was autogenerated by Stack.
# You should not edit this file by hand.
# For more information, please see the documentation at:
#   https://docs.haskellstack.org/en/stable/lock_files

packages:
- completed:
    hackage: polysemy-conc-0.7.0.0@sha256:28374f83ac9263ff5c15c2c323e4a02046c0e221b1087824020c7a565ae53fb8,6108
    pantry-tree:
      size: 3625
      sha256: ae4640f925ae744e0ec1d23800a67fe5ccdda382473ecc70102c426acf0ab9ad
  original:
    hackage: polysemy-conc-0.7.0.0@sha256:28374f83ac9263ff5c15c2c323e4a02046c0e221b1087824020c7a565ae53fb8,6108
- completed:
    hackage: incipit-base-0.2.0.0@sha256:97964204df8f942a1903fb4ce3171c1121a7a3411a0bd2de7ec1eacbb127129e,3494
    pantry-tree:
      size: 1060
      sha256: accae3a5a6cec9d8a93f71892d84f1a1b140c1754778f4fa2f19283ea72e2c1d
  original:
    hackage: incipit-base-0.2.0.0@sha256:97964204df8f942a1903fb4ce3171c1121a7a3411a0bd2de7ec1eacbb127129e,3494
- completed:
    hackage: incipit-core-0.2.0.0@sha256:a8677251690ea95be107d0d1998f5d09ec863d48f9d591454c96daefbfce7c49,3301
    pantry-tree:
      size: 366
      sha256: 362ed9e7b8fc61a065d4dc058c8c4c3b8db4f9f3c81fd9aea18635ed6ef1bf8a
  original:
    hackage: incipit-core-0.2.0.0@sha256:a8677251690ea95be107d0d1998f5d09ec863d48f9d591454c96daefbfce7c49,3301
- completed:
    hackage: polysemy-resume-0.4.0.0@sha256:d56529f434d5406482423ed8f3342f3eb075374f6428fffe23b4c1d8e29a19e4,4226
    pantry-tree:
      size: 891
      sha256: 32ce4cd39346a3526edbea564aca363688e706750c7b059864ed5bddb86681cf
  original:
    hackage: polysemy-resume-0.4.0.0@sha256:d56529f434d5406482423ed8f3342f3eb075374f6428fffe23b4c1d8e29a19e4,4226
- completed:
    hackage: polysemy-time-0.4.0.0@sha256:b11dcf5cd12a0a80404b4eb337604a77985aac72863ea897e00f1331b5176da4,4479
    pantry-tree:
      size: 1438
      sha256: 014bfd03ea57591fc7a2dbf6c5a6db17d78905c58c3c8bdffd242aff754b15f2
  original:
    hackage: polysemy-time-0.4.0.0@sha256:b11dcf5cd12a0a80404b4eb337604a77985aac72863ea897e00f1331b5176da4,4479
snapshots:
- completed:
    size: 616897
    url: https://raw.githubusercontent.com/commercialhaskell/stackage-snapshots/master/lts/19/0.yaml
    sha256: bbf2be02f17940bac1f87cb462d4fb0c3355de6dcfc53d84f4f9ad3ee2164f65
  original: lts-19.0
